
Microsoft Visual Studio Solution File, Format Version 12.00
# Visual Studio Version 17
VisualStudioVersion = 17.14.36518.9
MinimumVisualStudioVersion = 10.0.40219.1
Project("{FAE04EC0-301F-11D3-BF4B-00C04F79EFBC}") = "HeisenparseWPF", "HeisenparseWPF.csproj", "{A62FD904-40E5-4618-84C1-E37C7A1ADE20}"
EndProject
Project("{54435603-DBB4-11D2-8724-00A0C9A8B90C}") = "TestSetup", "..\TestSetup\TestSetup.vdproj", "{DA01D20D-B441-6F4D-A252-BE650C3988AA}"
EndProject
Global
	GlobalSection(SolutionConfigurationPlatforms) = preSolution
		Debug|Any CPU = Debug|Any CPU
		Release|Any CPU = Release|Any CPU
	EndGlobalSection
	GlobalSection(ProjectConfigurationPlatforms) = postSolution
		{A62FD904-40E5-4618-84C1-E37C7A1ADE20}.Debug|Any CPU.ActiveCfg = Debug|Any CPU
		{A62FD904-40E5-4618-84C1-E37C7A1ADE20}.Debug|Any CPU.Build.0 = Debug|Any CPU
		{A62FD904-40E5-4618-84C1-E37C7A1ADE20}.Release|Any CPU.ActiveCfg = Release|Any CPU
		{A62FD904-40E5-4618-84C1-E37C7A1ADE20}.Release|Any CPU.Build.0 = Release|Any CPU
		{DA01D20D-B441-6F4D-A252-BE650C3988AA}.Debug|Any CPU.ActiveCfg = Debug
		{DA01D20D-B441-6F4D-A252-BE650C3988AA}.Release|Any CPU.ActiveCfg = Release
	EndGlobalSection
	GlobalSection(SolutionProperties) = preSolution
		HideSolutionNode = FALSE
	EndGlobalSection
	GlobalSection(ExtensibilityGlobals) = postSolution
		SolutionGuid = {472CB16B-DCAF-4F92-B909-89307CFC201C}
	EndGlobalSection
EndGlobal
